
Microsoft Visual Studio Solution File, Format Version 12.00
# Visual Studio Version 17
VisualStudioVersion = 17.0.31903.59
MinimumVisualStudioVersion = 10.0.40219.1
Project("{2150E333-8FDC-42A3-9474-1A3956D46DE8}") = "src", "src", "{C69CF6BD-1A56-432E-8256-6434E9BB5C69}"
EndProject
Project("{FAE04EC0-301F-11D3-BF4B-00C04F79EFBC}") = "AuctionService", "src\AuctionService\AuctionService.csproj", "{8FD5D6BA-C041-4CEF-B5FA-15DBF51CCAD3}"
EndProject
Project("{FAE04EC0-301F-11D3-BF4B-00C04F79EFBC}") = "SearchService", "src\SearchService\SearchService.csproj", "{5083799D-A5CF-45E1-ACAC-E7FD61331EB1}"
EndProject
Project("{FAE04EC0-301F-11D3-BF4B-00C04F79EFBC}") = "Contracts", "src\Contracts\Contracts.csproj", "{04B86214-6DDF-461B-A481-E4E43D473173}"
EndProject
Project("{FAE04EC0-301F-11D3-BF4B-00C04F79EFBC}") = "IdentityService", "src\IdentityService\IdentityService.csproj", "{3E2A1F9D-1802-483E-ABB2-06857D5920EA}"
EndProject
Global
	GlobalSection(SolutionConfigurationPlatforms) = preSolution
		Debug|Any CPU = Debug|Any CPU
		Release|Any CPU = Release|Any CPU
	EndGlobalSection
	GlobalSection(ProjectConfigurationPlatforms) = postSolution
		{8FD5D6BA-C041-4CEF-B5FA-15DBF51CCAD3}.Debug|Any CPU.ActiveCfg = Debug|Any CPU
		{8FD5D6BA-C041-4CEF-B5FA-15DBF51CCAD3}.Debug|Any CPU.Build.0 = Debug|Any CPU
		{8FD5D6BA-C041-4CEF-B5FA-15DBF51CCAD3}.Release|Any CPU.ActiveCfg = Release|Any CPU
		{8FD5D6BA-C041-4CEF-B5FA-15DBF51CCAD3}.Release|Any CPU.Build.0 = Release|Any CPU
		{5083799D-A5CF-45E1-ACAC-E7FD61331EB1}.Debug|Any CPU.ActiveCfg = Debug|Any CPU
		{5083799D-A5CF-45E1-ACAC-E7FD61331EB1}.Debug|Any CPU.Build.0 = Debug|Any CPU
		{5083799D-A5CF-45E1-ACAC-E7FD61331EB1}.Release|Any CPU.ActiveCfg = Release|Any CPU
		{5083799D-A5CF-45E1-ACAC-E7FD61331EB1}.Release|Any CPU.Build.0 = Release|Any CPU
		{04B86214-6DDF-461B-A481-E4E43D473173}.Debug|Any CPU.ActiveCfg = Debug|Any CPU
		{04B86214-6DDF-461B-A481-E4E43D473173}.Debug|Any CPU.Build.0 = Debug|Any CPU
		{04B86214-6DDF-461B-A481-E4E43D473173}.Release|Any CPU.ActiveCfg = Release|Any CPU
		{04B86214-6DDF-461B-A481-E4E43D473173}.Release|Any CPU.Build.0 = Release|Any CPU
		{3E2A1F9D-1802-483E-ABB2-06857D5920EA}.Debug|Any CPU.ActiveCfg = Debug|Any CPU
		{3E2A1F9D-1802-483E-ABB2-06857D5920EA}.Debug|Any CPU.Build.0 = Debug|Any CPU
		{3E2A1F9D-1802-483E-ABB2-06857D5920EA}.Release|Any CPU.ActiveCfg = Release|Any CPU
		{3E2A1F9D-1802-483E-ABB2-06857D5920EA}.Release|Any CPU.Build.0 = Release|Any CPU
	EndGlobalSection
	GlobalSection(SolutionProperties) = preSolution
		HideSolutionNode = FALSE
	EndGlobalSection
	GlobalSection(NestedProjects) = preSolution
		{8FD5D6BA-C041-4CEF-B5FA-15DBF51CCAD3} = {C69CF6BD-1A56-432E-8256-6434E9BB5C69}
		{5083799D-A5CF-45E1-ACAC-E7FD61331EB1} = {C69CF6BD-1A56-432E-8256-6434E9BB5C69}
		{04B86214-6DDF-461B-A481-E4E43D473173} = {C69CF6BD-1A56-432E-8256-6434E9BB5C69}
		{3E2A1F9D-1802-483E-ABB2-06857D5920EA} = {C69CF6BD-1A56-432E-8256-6434E9BB5C69}
	EndGlobalSection
EndGlobal
